// !$*UTF8*$!
{
	archiveVersion = 1;
	classes = {
	};
	objectVersion = 46;
	objects = {

/* Begin PBXBuildFile section */
		8E6E14F81AFDFCCB000F743C /* KRBeaconCentral.m in Sources */ = {isa = PBXBuildFile; fileRef = 8E6E14F11AFDFCCB000F743C /* KRBeaconCentral.m */; };
		8E6E14F91AFDFCCB000F743C /* KRBeaconPeripheral.m in Sources */ = {isa = PBXBuildFile; fileRef = 8E6E14F31AFDFCCB000F743C /* KRBeaconPeripheral.m */; };
		8E6E14FA1AFDFCCB000F743C /* KRBeaconFinder.m in Sources */ = {isa = PBXBuildFile; fileRef = 8E6E14F51AFDFCCB000F743C /* KRBeaconFinder.m */; };
		8E6E14FB1AFDFCCB000F743C /* KRBeaconOne.m in Sources */ = {isa = PBXBuildFile; fileRef = 8E6E14F71AFDFCCB000F743C /* KRBeaconOne.m */; };
		8EA5B39518EACA9A0015B4F1 /* Foundation.framework in Frameworks */ = {isa = PBXBuildFile; fileRef = 8EA5B39418EACA9A0015B4F1 /* Foundation.framework */; };
		8EA5B39718EACA9A0015B4F1 /* CoreGraphics.framework in Frameworks */ = {isa = PBXBuildFile; fileRef = 8EA5B39618EACA9A0015B4F1 /* CoreGraphics.framework */; };
		8EA5B39918EACA9A0015B4F1 /* UIKit.framework in Frameworks */ = {isa = PBXBuildFile; fileRef = 8EA5B39818EACA9A0015B4F1 /* UIKit.framework */; };
		8EA5B39F18EACA9A0015B4F1 /* InfoPlist.strings in Resources */ = {isa = PBXBuildFile; fileRef = 8EA5B39D18EACA9A0015B4F1 /* InfoPlist.strings */; };
		8EA5B3A118EACA9A0015B4F1 /* main.m in Sources */ = {isa = PBXBuildFile; fileRef = 8EA5B3A018EACA9A0015B4F1 /* main.m */; };
		8EA5B3A518EACA9A0015B4F1 /* AppDelegate.m in Sources */ = {isa = PBXBuildFile; fileRef = 8EA5B3A418EACA9A0015B4F1 /* AppDelegate.m */; };
		8EA5B3A818EACA9A0015B4F1 /* Main.storyboard in Resources */ = {isa = PBXBuildFile; fileRef = 8EA5B3A618EACA9A0015B4F1 /* Main.storyboard */; };
		8EA5B3AB18EACA9A0015B4F1 /* ViewController.m in Sources */ = {isa = PBXBuildFile; fileRef = 8EA5B3AA18EACA9A0015B4F1 /* ViewController.m */; };
		8EA5B3AD18EACA9A0015B4F1 /* Images.xcassets in Resources */ = {isa = PBXBuildFile; fileRef = 8EA5B3AC18EACA9A0015B4F1 /* Images.xcassets */; };
		8EA5B3B418EACA9A0015B4F1 /* XCTest.framework in Frameworks */ = {isa = PBXBuildFile; fileRef = 8EA5B3B318EACA9A0015B4F1 /* XCTest.framework */; };
		8EA5B3B518EACA9A0015B4F1 /* Foundation.framework in Frameworks */ = {isa = PBXBuildFile; fileRef = 8EA5B39418EACA9A0015B4F1 /* Foundation.framework */; };
		8EA5B3B618EACA9A0015B4F1 /* UIKit.framework in Frameworks */ = {isa = PBXBuildFile; fileRef = 8EA5B39818EACA9A0015B4F1 /* UIKit.framework */; };
		8EA5B3BE18EACA9A0015B4F1 /* InfoPlist.strings in Resources */ = {isa = PBXBuildFile; fileRef = 8EA5B3BC18EACA9A0015B4F1 /* InfoPlist.strings */; };
		8EA5B3C018EACA9A0015B4F1 /* BeaconFinderTests.m in Sources */ = {isa = PBXBuildFile; fileRef = 8EA5B3BF18EACA9A0015B4F1 /* BeaconFinderTests.m */; };
		8EA5B3DC18EB11EE0015B4F1 /* CoreLocation.framework in Frameworks */ = {isa = PBXBuildFile; fileRef = 8EA5B3DB18EB11EE0015B4F1 /* CoreLocation.framework */; };
		8EA5B3DE18EB11FA0015B4F1 /* CoreBluetooth.framework in Frameworks */ = {isa = PBXBuildFile; fileRef = 8EA5B3DD18EB11FA0015B4F1 /* CoreBluetooth.framework */; };
/* End PBXBuildFile section */

/* Begin PBXContainerItemProxy section */
		8EA5B3B718EACA9A0015B4F1 /* PBXContainerItemProxy */ = {
			isa = PBXContainerItemProxy;
			containerPortal = 8EA5B38918EACA9A0015B4F1 /* Project object */;
			proxyType = 1;
			remoteGlobalIDString = 8EA5B39018EACA9A0015B4F1;
			remoteInfo = BeaconFinder;
		};
/* End PBXContainerItemProxy section */

/* Begin PBXFileReference section */
		8E6E14F01AFDFCCB000F743C /* KRBeaconCentral.h */ = {isa = PBXFileReference; fileEncoding = 4; lastKnownFileType = sourcecode.c.h; path = KRBeaconCentral.h; sourceTree = "<group>"; };
		8E6E14F11AFDFCCB000F743C /* KRBeaconCentral.m */ = {isa = PBXFileReference; fileEncoding = 4; lastKnownFileType = sourcecode.c.objc; path = KRBeaconCentral.m; sourceTree = "<group>"; };
		8E6E14F21AFDFCCB000F743C /* KRBeaconPeripheral.h */ = {isa = PBXFileReference; fileEncoding = 4; lastKnownFileType = sourcecode.c.h; path = KRBeaconPeripheral.h; sourceTree = "<group>"; };
		8E6E14F31AFDFCCB000F743C /* KRBeaconPeripheral.m */ = {isa = PBXFileReference; fileEncoding = 4; lastKnownFileType = sourcecode.c.objc; path = KRBeaconPeripheral.m; sourceTree = "<group>"; };
		8E6E14F41AFDFCCB000F743C /* KRBeaconFinder.h */ = {isa = PBXFileReference; fileEncoding = 4; lastKnownFileType = sourcecode.c.h; path = KRBeaconFinder.h; sourceTree = "<group>"; };
		8E6E14F51AFDFCCB000F743C /* KRBeaconFinder.m */ = {isa = PBXFileReference; fileEncoding = 4; lastKnownFileType = sourcecode.c.objc; path = KRBeaconFinder.m; sourceTree = "<group>"; };
		8E6E14F61AFDFCCB000F743C /* KRBeaconOne.h */ = {isa = PBXFileReference; fileEncoding = 4; lastKnownFileType = sourcecode.c.h; path = KRBeaconOne.h; sourceTree = "<group>"; };
		8E6E14F71AFDFCCB000F743C /* KRBeaconOne.m */ = {isa = PBXFileReference; fileEncoding = 4; lastKnownFileType = sourcecode.c.objc; path = KRBeaconOne.m; sourceTree = "<group>"; };
		8EA5B39118EACA9A0015B4F1 /* BeaconFinder.app */ = {isa = PBXFileReference; explicitFileType = wrapper.application; includeInIndex = 0; path = BeaconFinder.app; sourceTree = BUILT_PRODUCTS_DIR; };
		8EA5B39418EACA9A0015B4F1 /* Foundation.framework */ = {isa = PBXFileReference; lastKnownFileType = wrapper.framework; name = Foundation.framework; path = System/Library/Frameworks/Foundation.framework; sourceTree = SDKROOT; };
		8EA5B39618EACA9A0015B4F1 /* CoreGraphics.framework */ = {isa = PBXFileReference; lastKnownFileType = wrapper.framework; name = CoreGraphics.framework; path = System/Library/Frameworks/CoreGraphics.framework; sourceTree = SDKROOT; };
		8EA5B39818EACA9A0015B4F1 /* UIKit.framework */ = {isa = PBXFileReference; lastKnownFileType = wrapper.framework; name = UIKit.framework; path = System/Library/Frameworks/UIKit.framework; sourceTree = SDKROOT; };
		8EA5B39C18EACA9A0015B4F1 /* BeaconFinder-Info.plist */ = {isa = PBXFileReference; lastKnownFileType = text.plist.xml; path = "BeaconFinder-Info.plist"; sourceTree = "<group>"; };
		8EA5B39E18EACA9A0015B4F1 /* en */ = {isa = PBXFileReference; lastKnownFileType = text.plist.strings; name = en; path = en.lproj/InfoPlist.strings; sourceTree = "<group>"; };
		8EA5B3A018EACA9A0015B4F1 /* main.m */ = {isa = PBXFileReference; lastKnownFileType = sourcecode.c.objc; path = main.m; sourceTree = "<group>"; };
		8EA5B3A218EACA9A0015B4F1 /* BeaconFinder-Prefix.pch */ = {isa = PBXFileReference; lastKnownFileType = sourcecode.c.h; path = "BeaconFinder-Prefix.pch"; sourceTree = "<group>"; };
		8EA5B3A318EACA9A0015B4F1 /* AppDelegate.h */ = {isa = PBXFileReference; lastKnownFileType = sourcecode.c.h; path = AppDelegate.h; sourceTree = "<group>"; };
		8EA5B3A418EACA9A0015B4F1 /* AppDelegate.m */ = {isa = PBXFileReference; lastKnownFileType = sourcecode.c.objc; path = AppDelegate.m; sourceTree = "<group>"; };
		8EA5B3A718EACA9A0015B4F1 /* Base */ = {isa = PBXFileReference; lastKnownFileType = file.storyboard; name = Base; path = Base.lproj/Main.storyboard; sourceTree = "<group>"; };
		8EA5B3A918EACA9A0015B4F1 /* ViewController.h */ = {isa = PBXFileReference; lastKnownFileType = sourcecode.c.h; path = ViewController.h; sourceTree = "<group>"; };
		8EA5B3AA18EACA9A0015B4F1 /* ViewController.m */ = {isa = PBXFileReference; lastKnownFileType = sourcecode.c.objc; path = ViewController.m; sourceTree = "<group>"; };
		8EA5B3AC18EACA9A0015B4F1 /* Images.xcassets */ = {isa = PBXFileReference; lastKnownFileType = folder.assetcatalog; path = Images.xcassets; sourceTree = "<group>"; };
		8EA5B3B218EACA9A0015B4F1 /* BeaconFinderTests.xctest */ = {isa = PBXFileReference; explicitFileType = wrapper.cfbundle; includeInIndex = 0; path = BeaconFinderTests.xctest; sourceTree = BUILT_PRODUCTS_DIR; };
		8EA5B3B318EACA9A0015B4F1 /* XCTest.framework */ = {isa = PBXFileReference; lastKnownFileType = wrapper.framework; name = XCTest.framework; path = Library/Frameworks/XCTest.framework; sourceTree = DEVELOPER_DIR; };
		8EA5B3BB18EACA9A0015B4F1 /* BeaconFinderTests-Info.plist */ = {isa = PBXFileReference; lastKnownFileType = text.plist.xml; path = "BeaconFinderTests-Info.plist"; sourceTree = "<group>"; };
		8EA5B3BD18EACA9A0015B4F1 /* en */ = {isa = PBXFileReference; lastKnownFileType = text.plist.strings; name = en; path = en.lproj/InfoPlist.strings; sourceTree = "<group>"; };
		8EA5B3BF18EACA9A0015B4F1 /* BeaconFinderTests.m */ = {isa = PBXFileReference; lastKnownFileType = sourcecode.c.objc; path = BeaconFinderTests.m; sourceTree = "<group>"; };
		8EA5B3DB18EB11EE0015B4F1 /* CoreLocation.framework */ = {isa = PBXFileReference; lastKnownFileType = wrapper.framework; name = CoreLocation.framework; path = System/Library/Frameworks/CoreLocation.framework; sourceTree = SDKROOT; };
		8EA5B3DD18EB11FA0015B4F1 /* CoreBluetooth.framework */ = {isa = PBXFileReference; lastKnownFileType = wrapper.framework; name = CoreBluetooth.framework; path = System/Library/Frameworks/CoreBluetooth.framework; sourceTree = SDKROOT; };
/* End PBXFileReference section */

/* Begin PBXFrameworksBuildPhase section */
		8EA5B38E18EACA9A0015B4F1 /* Frameworks */ = {
			isa = PBXFrameworksBuildPhase;
			buildActionMask = 2147483647;
			files = (
				8EA5B3DE18EB11FA0015B4F1 /* CoreBluetooth.framework in Frameworks */,
				8EA5B3DC18EB11EE0015B4F1 /* CoreLocation.framework in Frameworks */,
				8EA5B39718EACA9A0015B4F1 /* CoreGraphics.framework in Frameworks */,
				8EA5B39918EACA9A0015B4F1 /* UIKit.framework in Frameworks */,
				8EA5B39518EACA9A0015B4F1 /* Foundation.framework in Frameworks */,
			);
			runOnlyForDeploymentPostprocessing = 0;
		};
		8EA5B3AF18EACA9A0015B4F1 /* Frameworks */ = {
			isa = PBXFrameworksBuildPhase;
			buildActionMask = 2147483647;
			files = (
				8EA5B3B418EACA9A0015B4F1 /* XCTest.framework in Frameworks */,
				8EA5B3B618EACA9A0015B4F1 /* UIKit.framework in Frameworks */,
				8EA5B3B518EACA9A0015B4F1 /* Foundation.framework in Frameworks */,
			);
			runOnlyForDeploymentPostprocessing = 0;
		};
/* End PBXFrameworksBuildPhase section */

/* Begin PBXGroup section */
		8E6E14EE1AFDFCCB000F743C /* KRBeaconFinder */ = {
			isa = PBXGroup;
			children = (
				8E6E14EF1AFDFCCB000F743C /* BLE */,
				8E6E14F41AFDFCCB000F743C /* KRBeaconFinder.h */,
				8E6E14F51AFDFCCB000F743C /* KRBeaconFinder.m */,
				8E6E14F61AFDFCCB000F743C /* KRBeaconOne.h */,
				8E6E14F71AFDFCCB000F743C /* KRBeaconOne.m */,
			);
			path = KRBeaconFinder;
			sourceTree = "<group>";
		};
		8E6E14EF1AFDFCCB000F743C /* BLE */ = {
			isa = PBXGroup;
			children = (
				8E6E14F01AFDFCCB000F743C /* KRBeaconCentral.h */,
				8E6E14F11AFDFCCB000F743C /* KRBeaconCentral.m */,
				8E6E14F21AFDFCCB000F743C /* KRBeaconPeripheral.h */,
				8E6E14F31AFDFCCB000F743C /* KRBeaconPeripheral.m */,
			);
			path = BLE;
			sourceTree = "<group>";
		};
		8EA5B38818EACA9A0015B4F1 = {
			isa = PBXGroup;
			children = (
				8E6E14EE1AFDFCCB000F743C /* KRBeaconFinder */,
				8EA5B39A18EACA9A0015B4F1 /* BeaconFinder */,
				8EA5B3B918EACA9A0015B4F1 /* BeaconFinderTests */,
				8EA5B39318EACA9A0015B4F1 /* Frameworks */,
				8EA5B39218EACA9A0015B4F1 /* Products */,
			);
			sourceTree = "<group>";
		};
		8EA5B39218EACA9A0015B4F1 /* Products */ = {
			isa = PBXGroup;
			children = (
				8EA5B39118EACA9A0015B4F1 /* BeaconFinder.app */,
				8EA5B3B218EACA9A0015B4F1 /* BeaconFinderTests.xctest */,
			);
			name = Products;
			sourceTree = "<group>";
		};
		8EA5B39318EACA9A0015B4F1 /* Frameworks */ = {
			isa = PBXGroup;
			children = (
				8EA5B3DF18EB11FF0015B4F1 /* Beacons */,
				8EA5B39418EACA9A0015B4F1 /* Foundation.framework */,
				8EA5B39618EACA9A0015B4F1 /* CoreGraphics.framework */,
				8EA5B39818EACA9A0015B4F1 /* UIKit.framework */,
				8EA5B3B318EACA9A0015B4F1 /* XCTest.framework */,
			);
			name = Frameworks;
			sourceTree = "<group>";
		};
		8EA5B39A18EACA9A0015B4F1 /* BeaconFinder */ = {
			isa = PBXGroup;
			children = (
				8EA5B3A318EACA9A0015B4F1 /* AppDelegate.h */,
				8EA5B3A418EACA9A0015B4F1 /* AppDelegate.m */,
				8EA5B3A618EACA9A0015B4F1 /* Main.storyboard */,
				8EA5B3A918EACA9A0015B4F1 /* ViewController.h */,
				8EA5B3AA18EACA9A0015B4F1 /* ViewController.m */,
				8EA5B3AC18EACA9A0015B4F1 /* Images.xcassets */,
				8EA5B39B18EACA9A0015B4F1 /* Supporting Files */,
			);
			path = BeaconFinder;
			sourceTree = "<group>";
		};
		8EA5B39B18EACA9A0015B4F1 /* Supporting Files */ = {
			isa = PBXGroup;
			children = (
				8EA5B39C18EACA9A0015B4F1 /* BeaconFinder-Info.plist */,
				8EA5B39D18EACA9A0015B4F1 /* InfoPlist.strings */,
				8EA5B3A018EACA9A0015B4F1 /* main.m */,
				8EA5B3A218EACA9A0015B4F1 /* BeaconFinder-Prefix.pch */,
			);
			name = "Supporting Files";
			sourceTree = "<group>";
		};
		8EA5B3B918EACA9A0015B4F1 /* BeaconFinderTests */ = {
			isa = PBXGroup;
			children = (
				8EA5B3BF18EACA9A0015B4F1 /* BeaconFinderTests.m */,
				8EA5B3BA18EACA9A0015B4F1 /* Supporting Files */,
			);
			path = BeaconFinderTests;
			sourceTree = "<group>";
		};
		8EA5B3BA18EACA9A0015B4F1 /* Supporting Files */ = {
			isa = PBXGroup;
			children = (
				8EA5B3BB18EACA9A0015B4F1 /* BeaconFinderTests-Info.plist */,
				8EA5B3BC18EACA9A0015B4F1 /* InfoPlist.strings */,
			);
			name = "Supporting Files";
			sourceTree = "<group>";
		};
		8EA5B3DF18EB11FF0015B4F1 /* Beacons */ = {
			isa = PBXGroup;
			children = (
				8EA5B3DD18EB11FA0015B4F1 /* CoreBluetooth.framework */,
				8EA5B3DB18EB11EE0015B4F1 /* CoreLocation.framework */,
			);
			name = Beacons;
			sourceTree = "<group>";
		};
/* End PBXGroup section */

/* Begin PBXNativeTarget section */
		8EA5B39018EACA9A0015B4F1 /* BeaconFinder */ = {
			isa = PBXNativeTarget;
			buildConfigurationList = 8EA5B3C318EACA9A0015B4F1 /* Build configuration list for PBXNativeTarget "BeaconFinder" */;
			buildPhases = (
				8EA5B38D18EACA9A0015B4F1 /* Sources */,
				8EA5B38E18EACA9A0015B4F1 /* Frameworks */,
				8EA5B38F18EACA9A0015B4F1 /* Resources */,
			);
			buildRules = (
			);
			dependencies = (
			);
			name = BeaconFinder;
			productName = BeaconFinder;
			productReference = 8EA5B39118EACA9A0015B4F1 /* BeaconFinder.app */;
			productType = "com.apple.product-type.application";
		};
		8EA5B3B118EACA9A0015B4F1 /* BeaconFinderTests */ = {
			isa = PBXNativeTarget;
			buildConfigurationList = 8EA5B3C618EACA9A0015B4F1 /* Build configuration list for PBXNativeTarget "BeaconFinderTests" */;
			buildPhases = (
				8EA5B3AE18EACA9A0015B4F1 /* Sources */,
				8EA5B3AF18EACA9A0015B4F1 /* Frameworks */,
				8EA5B3B018EACA9A0015B4F1 /* Resources */,
			);
			buildRules = (
			);
			dependencies = (
				8EA5B3B818EACA9A0015B4F1 /* PBXTargetDependency */,
			);
			name = BeaconFinderTests;
			productName = BeaconFinderTests;
			productReference = 8EA5B3B218EACA9A0015B4F1 /* BeaconFinderTests.xctest */;
			productType = "com.apple.product-type.bundle.unit-test";
		};
/* End PBXNativeTarget section */

/* Begin PBXProject section */
		8EA5B38918EACA9A0015B4F1 /* Project object */ = {
			isa = PBXProject;
			attributes = {
				LastUpgradeCheck = 0500;
				ORGANIZATIONNAME = Kalvar;
				TargetAttributes = {
					8EA5B39018EACA9A0015B4F1 = {
						SystemCapabilities = {
							com.apple.BackgroundModes = {
								enabled = 1;
							};
						};
					};
					8EA5B3B118EACA9A0015B4F1 = {
						TestTargetID = 8EA5B39018EACA9A0015B4F1;
					};
				};
			};
			buildConfigurationList = 8EA5B38C18EACA9A0015B4F1 /* Build configuration list for PBXProject "BeaconFinder" */;
			compatibilityVersion = "Xcode 3.2";
			developmentRegion = English;
			hasScannedForEncodings = 0;
			knownRegions = (
				en,
				Base,
			);
			mainGroup = 8EA5B38818EACA9A0015B4F1;
			productRefGroup = 8EA5B39218EACA9A0015B4F1 /* Products */;
			projectDirPath = "";
			projectRoot = "";
			targets = (
				8EA5B39018EACA9A0015B4F1 /* BeaconFinder */,
				8EA5B3B118EACA9A0015B4F1 /* BeaconFinderTests */,
			);
		};
/* End PBXProject section */

/* Begin PBXResourcesBuildPhase section */
		8EA5B38F18EACA9A0015B4F1 /* Resources */ = {
			isa = PBXResourcesBuildPhase;
			buildActionMask = 2147483647;
			files = (
				8EA5B3AD18EACA9A0015B4F1 /* Images.xcassets in Resources */,
				8EA5B39F18EACA9A0015B4F1 /* InfoPlist.strings in Resources */,
				8EA5B3A818EACA9A0015B4F1 /* Main.storyboard in Resources */,
			);
			runOnlyForDeploymentPostprocessing = 0;
		};
		8EA5B3B018EACA9A0015B4F1 /* Resources */ = {
			isa = PBXResourcesBuildPhase;
			buildActionMask = 2147483647;
			files = (
				8EA5B3BE18EACA9A0015B4F1 /* InfoPlist.strings in Resources */,
			);
			runOnlyForDeploymentPostprocessing = 0;
		};
/* End PBXResourcesBuildPhase section */

/* Begin PBXSourcesBuildPhase section */
		8EA5B38D18EACA9A0015B4F1 /* Sources */ = {
			isa = PBXSourcesBuildPhase;
			buildActionMask = 2147483647;
			files = (
				8EA5B3AB18EACA9A0015B4F1 /* ViewController.m in Sources */,
				8EA5B3A518EACA9A0015B4F1 /* AppDelegate.m in Sources */,
				8E6E14FB1AFDFCCB000F743C /* KRBeaconOne.m in Sources */,
				8E6E14FA1AFDFCCB000F743C /* KRBeaconFinder.m in Sources */,
				8E6E14F81AFDFCCB000F743C /* KRBeaconCentral.m in Sources */,
				8E6E14F91AFDFCCB000F743C /* KRBeaconPeripheral.m in Sources */,
				8EA5B3A118EACA9A0015B4F1 /* main.m in Sources */,
			);
			runOnlyForDeploymentPostprocessing = 0;
		};
		8EA5B3AE18EACA9A0015B4F1 /* Sources */ = {
			isa = PBXSourcesBuildPhase;
			buildActionMask = 2147483647;
			files = (
				8EA5B3C018EACA9A0015B4F1 /* BeaconFinderTests.m in Sources */,
			);
			runOnlyForDeploymentPostprocessing = 0;
		};
/* End PBXSourcesBuildPhase section */

/* Begin PBXTargetDependency section */
		8EA5B3B818EACA9A0015B4F1 /* PBXTargetDependency */ = {
			isa = PBXTargetDependency;
			target = 8EA5B39018EACA9A0015B4F1 /* BeaconFinder */;
			targetProxy = 8EA5B3B718EACA9A0015B4F1 /* PBXContainerItemProxy */;
		};
/* End PBXTargetDependency section */

/* Begin PBXVariantGroup section */
		8EA5B39D18EACA9A0015B4F1 /* InfoPlist.strings */ = {
			isa = PBXVariantGroup;
			children = (
				8EA5B39E18EACA9A0015B4F1 /* en */,
			);
			name = InfoPlist.strings;
			sourceTree = "<group>";
		};
		8EA5B3A618EACA9A0015B4F1 /* Main.storyboard */ = {
			isa = PBXVariantGroup;
			children = (
				8EA5B3A718EACA9A0015B4F1 /* Base */,
			);
			name = Main.storyboard;
			sourceTree = "<group>";
		};
		8EA5B3BC18EACA9A0015B4F1 /* InfoPlist.strings */ = {
			isa = PBXVariantGroup;
			children = (
				8EA5B3BD18EACA9A0015B4F1 /* en */,
			);
			name = InfoPlist.strings;
			sourceTree = "<group>";
		};
/* End PBXVariantGroup section */

/* Begin XCBuildConfiguration section */
		8EA5B3C118EACA9A0015B4F1 /* Debug */ = {
			isa = XCBuildConfiguration;
			buildSettings = {
				ALWAYS_SEARCH_USER_PATHS = NO;
				ARCHS = "$(ARCHS_STANDARD_INCLUDING_64_BIT)";
				CLANG_CXX_LANGUAGE_STANDARD = "gnu++0x";
				CLANG_CXX_LIBRARY = "libc++";
				CLANG_ENABLE_MODULES = YES;
				CLANG_ENABLE_OBJC_ARC = YES;
				CLANG_WARN_BOOL_CONVERSION = YES;
				CLANG_WARN_CONSTANT_CONVERSION = YES;
				CLANG_WARN_DIRECT_OBJC_ISA_USAGE = YES_ERROR;
				CLANG_WARN_EMPTY_BODY = YES;
				CLANG_WARN_ENUM_CONVERSION = YES;
				CLANG_WARN_INT_CONVERSION = YES;
				CLANG_WARN_OBJC_ROOT_CLASS = YES_ERROR;
				CLANG_WARN__DUPLICATE_METHOD_MATCH = YES;
				"CODE_SIGN_IDENTITY[sdk=iphoneos*]" = "iPhone Developer";
				COPY_PHASE_STRIP = NO;
				GCC_C_LANGUAGE_STANDARD = gnu99;
				GCC_DYNAMIC_NO_PIC = NO;
				GCC_OPTIMIZATION_LEVEL = 0;
				GCC_PREPROCESSOR_DEFINITIONS = (
					"DEBUG=1",
					"$(inherited)",
				);
				GCC_SYMBOLS_PRIVATE_EXTERN = NO;
				GCC_WARN_64_TO_32_BIT_CONVERSION = YES;
				GCC_WARN_ABOUT_RETURN_TYPE = YES_ERROR;
				GCC_WARN_UNDECLARED_SELECTOR = YES;
				GCC_WARN_UNINITIALIZED_AUTOS = YES;
				GCC_WARN_UNUSED_FUNCTION = YES;
				GCC_WARN_UNUSED_VARIABLE = YES;
				IPHONEOS_DEPLOYMENT_TARGET = 7.0;
				ONLY_ACTIVE_ARCH = YES;
				SDKROOT = iphoneos;
			};
			name = Debug;
		};
		8EA5B3C218EACA9A0015B4F1 /* Release */ = {
			isa = XCBuildConfiguration;
			buildSettings = {
				ALWAYS_SEARCH_USER_PATHS = NO;
				ARCHS = "$(ARCHS_STANDARD_INCLUDING_64_BIT)";
				CLANG_CXX_LANGUAGE_STANDARD = "gnu++0x";
				CLANG_CXX_LIBRARY = "libc++";
				CLANG_ENABLE_MODULES = YES;
				CLANG_ENABLE_OBJC_ARC = YES;
				CLANG_WARN_BOOL_CONVERSION = YES;
				CLANG_WARN_CONSTANT_CONVERSION = YES;
				CLANG_WARN_DIRECT_OBJC_ISA_USAGE = YES_ERROR;
				CLANG_WARN_EMPTY_BODY = YES;
				CLANG_WARN_ENUM_CONVERSION = YES;
				CLANG_WARN_INT_CONVERSION = YES;
				CLANG_WARN_OBJC_ROOT_CLASS = YES_ERROR;
				CLANG_WARN__DUPLICATE_METHOD_MATCH = YES;
				"CODE_SIGN_IDENTITY[sdk=iphoneos*]" = "iPhone Developer";
				COPY_PHASE_STRIP = YES;
				ENABLE_NS_ASSERTIONS = NO;
				GCC_C_LANGUAGE_STANDARD = gnu99;
				GCC_WARN_64_TO_32_BIT_CONVERSION = YES;
				GCC_WARN_ABOUT_RETURN_TYPE = YES_ERROR;
				GCC_WARN_UNDECLARED_SELECTOR = YES;
				GCC_WARN_UNINITIALIZED_AUTOS = YES;
				GCC_WARN_UNUSED_FUNCTION = YES;
				GCC_WARN_UNUSED_VARIABLE = YES;
				IPHONEOS_DEPLOYMENT_TARGET = 7.0;
				SDKROOT = iphoneos;
				VALIDATE_PRODUCT = YES;
			};
			name = Release;
		};
		8EA5B3C418EACA9A0015B4F1 /* Debug */ = {
			isa = XCBuildConfiguration;
			buildSettings = {
				ASSETCATALOG_COMPILER_APPICON_NAME = AppIcon;
				ASSETCATALOG_COMPILER_LAUNCHIMAGE_NAME = LaunchImage;
				CODE_SIGN_IDENTITY = "iPhone Developer";
				GCC_PRECOMPILE_PREFIX_HEADER = YES;
				GCC_PREFIX_HEADER = "BeaconFinder/BeaconFinder-Prefix.pch";
				INFOPLIST_FILE = "BeaconFinder/BeaconFinder-Info.plist";
				PRODUCT_NAME = "$(TARGET_NAME)";
				PROVISIONING_PROFILE = "";
				WRAPPER_EXTENSION = app;
			};
			name = Debug;
		};
		8EA5B3C518EACA9A0015B4F1 /* Release */ = {
			isa = XCBuildConfiguration;
			buildSettings = {
				ASSETCATALOG_COMPILER_APPICON_NAME = AppIcon;
				ASSETCATALOG_COMPILER_LAUNCHIMAGE_NAME = LaunchImage;
				CODE_SIGN_IDENTITY = "iPhone Developer";
				GCC_PRECOMPILE_PREFIX_HEADER = YES;
				GCC_PREFIX_HEADER = "BeaconFinder/BeaconFinder-Prefix.pch";
				INFOPLIST_FILE = "BeaconFinder/BeaconFinder-Info.plist";
				PRODUCT_NAME = "$(TARGET_NAME)";
				PROVISIONING_PROFILE = "";
				WRAPPER_EXTENSION = app;
			};
			name = Release;
		};
		8EA5B3C718EACA9A0015B4F1 /* Debug */ = {
			isa = XCBuildConfiguration;
			buildSettings = {
				ARCHS = "$(ARCHS_STANDARD_INCLUDING_64_BIT)";
				BUNDLE_LOADER = "$(BUILT_PRODUCTS_DIR)/BeaconFinder.app/BeaconFinder";
				FRAMEWORK_SEARCH_PATHS = (
					"$(SDKROOT)/Developer/Library/Frameworks",
					"$(inherited)",
					"$(DEVELOPER_FRAMEWORKS_DIR)",
				);
				GCC_PRECOMPILE_PREFIX_HEADER = YES;
				GCC_PREFIX_HEADER = "BeaconFinder/BeaconFinder-Prefix.pch";
				GCC_PREPROCESSOR_DEFINITIONS = (
					"DEBUG=1",
					"$(inherited)",
				);
				INFOPLIST_FILE = "BeaconFinderTests/BeaconFinderTests-Info.plist";
				PRODUCT_NAME = "$(TARGET_NAME)";
				TEST_HOST = "$(BUNDLE_LOADER)";
				WRAPPER_EXTENSION = xctest;
			};
			name = Debug;
		};
		8EA5B3C818EACA9A0015B4F1 /* Release */ = {
			isa = XCBuildConfiguration;
			buildSettings = {
				ARCHS = "$(ARCHS_STANDARD_INCLUDING_64_BIT)";
				BUNDLE_LOADER = "$(BUILT_PRODUCTS_DIR)/BeaconFinder.app/BeaconFinder";
				FRAMEWORK_SEARCH_PATHS = (
					"$(SDKROOT)/Developer/Library/Frameworks",
					"$(inherited)",
					"$(DEVELOPER_FRAMEWORKS_DIR)",
				);
				GCC_PRECOMPILE_PREFIX_HEADER = YES;
				GCC_PREFIX_HEADER = "BeaconFinder/BeaconFinder-Prefix.pch";
				INFOPLIST_FILE = "BeaconFinderTests/BeaconFinderTests-Info.plist";
				PRODUCT_NAME = "$(TARGET_NAME)";
				TEST_HOST = "$(BUNDLE_LOADER)";
				WRAPPER_EXTENSION = xctest;
			};
			name = Release;
		};
/* End XCBuildConfiguration section */

/* Begin XCConfigurationList section */
		8EA5B38C18EACA9A0015B4F1 /* Build configuration list for PBXProject "BeaconFinder" */ = {
			isa = XCConfigurationList;
			buildConfigurations = (
				8EA5B3C118EACA9A0015B4F1 /* Debug */,
				8EA5B3C218EACA9A0015B4F1 /* Release */,
			);
			defaultConfigurationIsVisible = 0;
			defaultConfigurationName = Release;
		};
		8EA5B3C318EACA9A0015B4F1 /* Build configuration list for PBXNativeTarget "BeaconFinder" */ = {
			isa = XCConfigurationList;
			buildConfigurations = (
				8EA5B3C418EACA9A0015B4F1 /* Debug */,
				8EA5B3C518EACA9A0015B4F1 /* Release */,
			);
			defaultConfigurationIsVisible = 0;
			defaultConfigurationName = Release;
		};
		8EA5B3C618EACA9A0015B4F1 /* Build configuration list for PBXNativeTarget "BeaconFinderTests" */ = {
			isa = XCConfigurationList;
			buildConfigurations = (
				8EA5B3C718EACA9A0015B4F1 /* Debug */,
				8EA5B3C818EACA9A0015B4F1 /* Release */,
			);
			defaultConfigurationIsVisible = 0;
			defaultConfigurationName = Release;
		};
/* End XCConfigurationList section */
	};
	rootObject = 8EA5B38918EACA9A0015B4F1 /* Project object */;
}
